
Microsoft Visual Studio Solution File, Format Version 12.00
# Visual Studio Version 17
VisualStudioVersion = 17.8.34316.72
MinimumVisualStudioVersion = 10.0.40219.1
Project("{FAE04EC0-301F-11D3-BF4B-00C04F79EFBC}") = "inheritance-Example 23 ConsoleApp", "inheritance-Example 23 ConsoleApp.csproj", "{2694D4C7-1E40-4484-8A47-95A39A534C8E}"
EndProject
Global
	GlobalSection(SolutionConfigurationPlatforms) = preSolution
		Debug|Any CPU = Debug|Any CPU
		Release|Any CPU = Release|Any CPU
	EndGlobalSection
	GlobalSection(ProjectConfigurationPlatforms) = postSolution
		{2694D4C7-1E40-4484-8A47-95A39A534C8E}.Debug|Any CPU.ActiveCfg = Debug|Any CPU
		{2694D4C7-1E40-4484-8A47-95A39A534C8E}.Debug|Any CPU.Build.0 = Debug|Any CPU
		{2694D4C7-1E40-4484-8A47-95A39A534C8E}.Release|Any CPU.ActiveCfg = Release|Any CPU
		{2694D4C7-1E40-4484-8A47-95A39A534C8E}.Release|Any CPU.Build.0 = Release|Any CPU
	EndGlobalSection
	GlobalSection(SolutionProperties) = preSolution
		HideSolutionNode = FALSE
	EndGlobalSection
	GlobalSection(ExtensibilityGlobals) = postSolution
		SolutionGuid = {233087D0-B35B-4804-AB16-010D89D283D7}
	EndGlobalSection
EndGlobal
